// !$*UTF8*$!
{
	archiveVersion = 1;
	classes = {
	};
	objectVersion = 56;
	objects = {

/* Begin PBXBuildFile section */
		902D54C32B1FC0FC00C71FF7 /* main.cpp in Sources */ = {isa = PBXBuildFile; fileRef = 902D54C22B1FC0FC00C71FF7 /* main.cpp */; };
		902D54CE2B1FFA1600C71FF7 /* ShaderProgram.cpp in Sources */ = {isa = PBXBuildFile; fileRef = 902D54C92B1FFA1600C71FF7 /* ShaderProgram.cpp */; };
		902D54D12B200A8800C71FF7 /* Cocoa.framework in Frameworks */ = {isa = PBXBuildFile; fileRef = 902D54D02B200A8800C71FF7 /* Cocoa.framework */; };
		902D54D32B200A8E00C71FF7 /* OpenGL.framework in Frameworks */ = {isa = PBXBuildFile; fileRef = 902D54D22B200A8E00C71FF7 /* OpenGL.framework */; };
		902D54D72B200A9A00C71FF7 /* SDL2_image.framework in Frameworks */ = {isa = PBXBuildFile; fileRef = 902D54D42B200A9A00C71FF7 /* SDL2_image.framework */; };
		902D54D82B200A9A00C71FF7 /* SDL2_mixer.framework in Frameworks */ = {isa = PBXBuildFile; fileRef = 902D54D52B200A9A00C71FF7 /* SDL2_mixer.framework */; };
		902D54D92B200A9A00C71FF7 /* SDL2.framework in Frameworks */ = {isa = PBXBuildFile; fileRef = 902D54D62B200A9A00C71FF7 /* SDL2.framework */; };
		902D54DA2B200AB000C71FF7 /* shaders in CopyFiles */ = {isa = PBXBuildFile; fileRef = 902D54CB2B1FFA1600C71FF7 /* shaders */; };
		902D54DD2B200AD400C71FF7 /* Map.cpp in Sources */ = {isa = PBXBuildFile; fileRef = 902D54DB2B200AD400C71FF7 /* Map.cpp */; };
		902D54E02B200AE000C71FF7 /* Scene.cpp in Sources */ = {isa = PBXBuildFile; fileRef = 902D54DE2B200AE000C71FF7 /* Scene.cpp */; };
		902D54E32B200AEF00C71FF7 /* Entity.cpp in Sources */ = {isa = PBXBuildFile; fileRef = 902D54E12B200AEF00C71FF7 /* Entity.cpp */; };
		902D54E52B20958D00C71FF7 /* assets in CopyFiles */ = {isa = PBXBuildFile; fileRef = 902D54E42B20958200C71FF7 /* assets */; };
		902D54E82B20FAE200C71FF7 /* Level1.cpp in Sources */ = {isa = PBXBuildFile; fileRef = 902D54E62B20FAE200C71FF7 /* Level1.cpp */; };
		902D54EB2B20FD4F00C71FF7 /* Utility.cpp in Sources */ = {isa = PBXBuildFile; fileRef = 902D54E92B20FD4F00C71FF7 /* Utility.cpp */; };
		902D54F12B21288D00C71FF7 /* Level2.cpp in Sources */ = {isa = PBXBuildFile; fileRef = 902D54EF2B21288D00C71FF7 /* Level2.cpp */; };
		902D54F42B21289800C71FF7 /* Level3.cpp in Sources */ = {isa = PBXBuildFile; fileRef = 902D54F22B21289800C71FF7 /* Level3.cpp */; };
		902D54F72B21311D00C71FF7 /* Start_Screen.cpp in Sources */ = {isa = PBXBuildFile; fileRef = 902D54F52B21311D00C71FF7 /* Start_Screen.cpp */; };
/* End PBXBuildFile section */

/* Begin PBXCopyFilesBuildPhase section */
		902D54BD2B1FC0FC00C71FF7 /* CopyFiles */ = {
			isa = PBXCopyFilesBuildPhase;
			buildActionMask = 12;
			dstPath = "";
			dstSubfolderSpec = 6;
			files = (
				902D54DA2B200AB000C71FF7 /* shaders in CopyFiles */,
				902D54E52B20958D00C71FF7 /* assets in CopyFiles */,
			);
			runOnlyForDeploymentPostprocessing = 0;
		};
/* End PBXCopyFilesBuildPhase section */

/* Begin PBXFileReference section */
		902D54BF2B1FC0FC00C71FF7 /* CS 3113 Project 5 */ = {isa = PBXFileReference; explicitFileType = "compiled.mach-o.executable"; includeInIndex = 0; path = "CS 3113 Project 5"; sourceTree = BUILT_PRODUCTS_DIR; };
		902D54C22B1FC0FC00C71FF7 /* main.cpp */ = {isa = PBXFileReference; lastKnownFileType = sourcecode.cpp.cpp; path = main.cpp; sourceTree = "<group>"; };
		902D54C92B1FFA1600C71FF7 /* ShaderProgram.cpp */ = {isa = PBXFileReference; fileEncoding = 4; lastKnownFileType = sourcecode.cpp.cpp; path = ShaderProgram.cpp; sourceTree = "<group>"; };
		902D54CA2B1FFA1600C71FF7 /* stb_image.h */ = {isa = PBXFileReference; fileEncoding = 4; lastKnownFileType = sourcecode.c.h; path = stb_image.h; sourceTree = "<group>"; };
		902D54CB2B1FFA1600C71FF7 /* shaders */ = {isa = PBXFileReference; lastKnownFileType = folder; path = shaders; sourceTree = "<group>"; };
		902D54CC2B1FFA1600C71FF7 /* glm */ = {isa = PBXFileReference; lastKnownFileType = folder; path = glm; sourceTree = "<group>"; };
		902D54CD2B1FFA1600C71FF7 /* ShaderProgram.h */ = {isa = PBXFileReference; fileEncoding = 4; lastKnownFileType = sourcecode.c.h; path = ShaderProgram.h; sourceTree = "<group>"; };
		902D54D02B200A8800C71FF7 /* Cocoa.framework */ = {isa = PBXFileReference; lastKnownFileType = wrapper.framework; name = Cocoa.framework; path = System/Library/Frameworks/Cocoa.framework; sourceTree = SDKROOT; };
		902D54D22B200A8E00C71FF7 /* OpenGL.framework */ = {isa = PBXFileReference; lastKnownFileType = wrapper.framework; name = OpenGL.framework; path = System/Library/Frameworks/OpenGL.framework; sourceTree = SDKROOT; };
		902D54D42B200A9A00C71FF7 /* SDL2_image.framework */ = {isa = PBXFileReference; lastKnownFileType = wrapper.framework; name = SDL2_image.framework; path = ../../../../../../../../Library/Frameworks/SDL2_image.framework; sourceTree = "<group>"; };
		902D54D52B200A9A00C71FF7 /* SDL2_mixer.framework */ = {isa = PBXFileReference; lastKnownFileType = wrapper.framework; name = SDL2_mixer.framework; path = ../../../../../../../../Library/Frameworks/SDL2_mixer.framework; sourceTree = "<group>"; };
		902D54D62B200A9A00C71FF7 /* SDL2.framework */ = {isa = PBXFileReference; lastKnownFileType = wrapper.framework; name = SDL2.framework; path = ../../../../../../../../Library/Frameworks/SDL2.framework; sourceTree = "<group>"; };
		902D54DB2B200AD400C71FF7 /* Map.cpp */ = {isa = PBXFileReference; lastKnownFileType = sourcecode.cpp.cpp; path = Map.cpp; sourceTree = "<group>"; };
		902D54DC2B200AD400C71FF7 /* Map.hpp */ = {isa = PBXFileReference; lastKnownFileType = sourcecode.cpp.h; path = Map.hpp; sourceTree = "<group>"; };
		902D54DE2B200AE000C71FF7 /* Scene.cpp */ = {isa = PBXFileReference; lastKnownFileType = sourcecode.cpp.cpp; path = Scene.cpp; sourceTree = "<group>"; };
		902D54DF2B200AE000C71FF7 /* Scene.hpp */ = {isa = PBXFileReference; lastKnownFileType = sourcecode.cpp.h; path = Scene.hpp; sourceTree = "<group>"; };
		902D54E12B200AEF00C71FF7 /* Entity.cpp */ = {isa = PBXFileReference; lastKnownFileType = sourcecode.cpp.cpp; path = Entity.cpp; sourceTree = "<group>"; };
		902D54E22B200AEF00C71FF7 /* Entity.hpp */ = {isa = PBXFileReference; lastKnownFileType = sourcecode.cpp.h; path = Entity.hpp; sourceTree = "<group>"; };
		902D54E42B20958200C71FF7 /* assets */ = {isa = PBXFileReference; lastKnownFileType = folder; path = assets; sourceTree = "<group>"; };
		902D54E62B20FAE200C71FF7 /* Level1.cpp */ = {isa = PBXFileReference; lastKnownFileType = sourcecode.cpp.cpp; path = Level1.cpp; sourceTree = "<group>"; };
		902D54E72B20FAE200C71FF7 /* Level1.hpp */ = {isa = PBXFileReference; lastKnownFileType = sourcecode.cpp.h; path = Level1.hpp; sourceTree = "<group>"; };
		902D54E92B20FD4F00C71FF7 /* Utility.cpp */ = {isa = PBXFileReference; lastKnownFileType = sourcecode.cpp.cpp; path = Utility.cpp; sourceTree = "<group>"; };
		902D54EA2B20FD4F00C71FF7 /* Utility.hpp */ = {isa = PBXFileReference; lastKnownFileType = sourcecode.cpp.h; path = Utility.hpp; sourceTree = "<group>"; };
		902D54EF2B21288D00C71FF7 /* Level2.cpp */ = {isa = PBXFileReference; lastKnownFileType = sourcecode.cpp.cpp; path = Level2.cpp; sourceTree = "<group>"; };
		902D54F02B21288D00C71FF7 /* Level2.hpp */ = {isa = PBXFileReference; lastKnownFileType = sourcecode.cpp.h; path = Level2.hpp; sourceTree = "<group>"; };
		902D54F22B21289800C71FF7 /* Level3.cpp */ = {isa = PBXFileReference; lastKnownFileType = sourcecode.cpp.cpp; path = Level3.cpp; sourceTree = "<group>"; };
		902D54F32B21289800C71FF7 /* Level3.hpp */ = {isa = PBXFileReference; lastKnownFileType = sourcecode.cpp.h; path = Level3.hpp; sourceTree = "<group>"; };
		902D54F52B21311D00C71FF7 /* Start_Screen.cpp */ = {isa = PBXFileReference; lastKnownFileType = sourcecode.cpp.cpp; path = Start_Screen.cpp; sourceTree = "<group>"; };
		902D54F62B21311D00C71FF7 /* Start_Screen.hpp */ = {isa = PBXFileReference; lastKnownFileType = sourcecode.cpp.h; path = Start_Screen.hpp; sourceTree = "<group>"; };
/* End PBXFileReference section */

/* Begin PBXFrameworksBuildPhase section */
		902D54BC2B1FC0FC00C71FF7 /* Frameworks */ = {
			isa = PBXFrameworksBuildPhase;
			buildActionMask = 2147483647;
			files = (
				902D54D72B200A9A00C71FF7 /* SDL2_image.framework in Frameworks */,
				902D54D82B200A9A00C71FF7 /* SDL2_mixer.framework in Frameworks */,
				902D54D92B200A9A00C71FF7 /* SDL2.framework in Frameworks */,
				902D54D32B200A8E00C71FF7 /* OpenGL.framework in Frameworks */,
				902D54D12B200A8800C71FF7 /* Cocoa.framework in Frameworks */,
			);
			runOnlyForDeploymentPostprocessing = 0;
		};
/* End PBXFrameworksBuildPhase section */

/* Begin PBXGroup section */
		902D54B62B1FC0FC00C71FF7 = {
			isa = PBXGroup;
			children = (
				902D54C12B1FC0FC00C71FF7 /* CS 3113 Project 5 */,
				902D54C02B1FC0FC00C71FF7 /* Products */,
				902D54CF2B200A8800C71FF7 /* Frameworks */,
			);
			sourceTree = "<group>";
		};
		902D54C02B1FC0FC00C71FF7 /* Products */ = {
			isa = PBXGroup;
			children = (
				902D54BF2B1FC0FC00C71FF7 /* CS 3113 Project 5 */,
			);
			name = Products;
			sourceTree = "<group>";
		};
		902D54C12B1FC0FC00C71FF7 /* CS 3113 Project 5 */ = {
			isa = PBXGroup;
			children = (
				902D54C22B1FC0FC00C71FF7 /* main.cpp */,
				902D54E92B20FD4F00C71FF7 /* Utility.cpp */,
				902D54EA2B20FD4F00C71FF7 /* Utility.hpp */,
				902D54E12B200AEF00C71FF7 /* Entity.cpp */,
				902D54E22B200AEF00C71FF7 /* Entity.hpp */,
				902D54DE2B200AE000C71FF7 /* Scene.cpp */,
				902D54DF2B200AE000C71FF7 /* Scene.hpp */,
				902D54DB2B200AD400C71FF7 /* Map.cpp */,
				902D54DC2B200AD400C71FF7 /* Map.hpp */,
				902D54F52B21311D00C71FF7 /* Start_Screen.cpp */,
				902D54F62B21311D00C71FF7 /* Start_Screen.hpp */,
				902D54E62B20FAE200C71FF7 /* Level1.cpp */,
				902D54E72B20FAE200C71FF7 /* Level1.hpp */,
				902D54EF2B21288D00C71FF7 /* Level2.cpp */,
				902D54F02B21288D00C71FF7 /* Level2.hpp */,
				902D54F22B21289800C71FF7 /* Level3.cpp */,
				902D54F32B21289800C71FF7 /* Level3.hpp */,
				902D54E42B20958200C71FF7 /* assets */,
				902D54CC2B1FFA1600C71FF7 /* glm */,
				902D54C92B1FFA1600C71FF7 /* ShaderProgram.cpp */,
				902D54CD2B1FFA1600C71FF7 /* ShaderProgram.h */,
				902D54CB2B1FFA1600C71FF7 /* shaders */,
				902D54CA2B1FFA1600C71FF7 /* stb_image.h */,
			);
			path = "CS 3113 Project 5";
			sourceTree = "<group>";
		};
		902D54CF2B200A8800C71FF7 /* Frameworks */ = {
			isa = PBXGroup;
			children = (
				902D54D42B200A9A00C71FF7 /* SDL2_image.framework */,
				902D54D52B200A9A00C71FF7 /* SDL2_mixer.framework */,
				902D54D62B200A9A00C71FF7 /* SDL2.framework */,
				902D54D22B200A8E00C71FF7 /* OpenGL.framework */,
				902D54D02B200A8800C71FF7 /* Cocoa.framework */,
			);
			name = Frameworks;
			sourceTree = "<group>";
		};
/* End PBXGroup section */

/* Begin PBXNativeTarget section */
		902D54BE2B1FC0FC00C71FF7 /* CS 3113 Project 5 */ = {
			isa = PBXNativeTarget;
			buildConfigurationList = 902D54C62B1FC0FC00C71FF7 /* Build configuration list for PBXNativeTarget "CS 3113 Project 5" */;
			buildPhases = (
				902D54BB2B1FC0FC00C71FF7 /* Sources */,
				902D54BC2B1FC0FC00C71FF7 /* Frameworks */,
				902D54BD2B1FC0FC00C71FF7 /* CopyFiles */,
			);
			buildRules = (
			);
			dependencies = (
			);
			name = "CS 3113 Project 5";
			productName = "CS 3113 Project 5";
			productReference = 902D54BF2B1FC0FC00C71FF7 /* CS 3113 Project 5 */;
			productType = "com.apple.product-type.tool";
		};
/* End PBXNativeTarget section */

/* Begin PBXProject section */
		902D54B72B1FC0FC00C71FF7 /* Project object */ = {
			isa = PBXProject;
			attributes = {
				BuildIndependentTargetsInParallel = 1;
				LastUpgradeCheck = 1430;
				TargetAttributes = {
					902D54BE2B1FC0FC00C71FF7 = {
						CreatedOnToolsVersion = 14.3.1;
					};
				};
			};
			buildConfigurationList = 902D54BA2B1FC0FC00C71FF7 /* Build configuration list for PBXProject "CS 3113 Project 5" */;
			compatibilityVersion = "Xcode 14.0";
			developmentRegion = en;
			hasScannedForEncodings = 0;
			knownRegions = (
				en,
				Base,
			);
			mainGroup = 902D54B62B1FC0FC00C71FF7;
			productRefGroup = 902D54C02B1FC0FC00C71FF7 /* Products */;
			projectDirPath = "";
			projectRoot = "";
			targets = (
				902D54BE2B1FC0FC00C71FF7 /* CS 3113 Project 5 */,
			);
		};
/* End PBXProject section */

/* Begin PBXSourcesBuildPhase section */
		902D54BB2B1FC0FC00C71FF7 /* Sources */ = {
			isa = PBXSourcesBuildPhase;
			buildActionMask = 2147483647;
			files = (
				902D54EB2B20FD4F00C71FF7 /* Utility.cpp in Sources */,
				902D54E02B200AE000C71FF7 /* Scene.cpp in Sources */,
				902D54DD2B200AD400C71FF7 /* Map.cpp in Sources */,
				902D54E82B20FAE200C71FF7 /* Level1.cpp in Sources */,
				902D54F72B21311D00C71FF7 /* Start_Screen.cpp in Sources */,
				902D54F42B21289800C71FF7 /* Level3.cpp in Sources */,
				902D54C32B1FC0FC00C71FF7 /* main.cpp in Sources */,
				902D54E32B200AEF00C71FF7 /* Entity.cpp in Sources */,
				902D54F12B21288D00C71FF7 /* Level2.cpp in Sources */,
				902D54CE2B1FFA1600C71FF7 /* ShaderProgram.cpp in Sources */,
			);
			runOnlyForDeploymentPostprocessing = 0;
		};
/* End PBXSourcesBuildPhase section */

/* Begin XCBuildConfiguration section */
		902D54C42B1FC0FC00C71FF7 /* Debug */ = {
			isa = XCBuildConfiguration;
			buildSettings = {
				ALWAYS_SEARCH_USER_PATHS = NO;
				CLANG_ANALYZER_NONNULL = YES;
				CLANG_ANALYZER_NUMBER_OBJECT_CONVERSION = YES_AGGRESSIVE;
				CLANG_CXX_LANGUAGE_STANDARD = "gnu++20";
				CLANG_ENABLE_MODULES = YES;
				CLANG_ENABLE_OBJC_ARC = YES;
				CLANG_ENABLE_OBJC_WEAK = YES;
				CLANG_WARN_BLOCK_CAPTURE_AUTORELEASING = YES;
				CLANG_WARN_BOOL_CONVERSION = YES;
				CLANG_WARN_COMMA = YES;
				CLANG_WARN_CONSTANT_CONVERSION = YES;
				CLANG_WARN_DEPRECATED_OBJC_IMPLEMENTATIONS = YES;
				CLANG_WARN_DIRECT_OBJC_ISA_USAGE = YES_ERROR;
				CLANG_WARN_DOCUMENTATION_COMMENTS = YES;
				CLANG_WARN_EMPTY_BODY = YES;
				CLANG_WARN_ENUM_CONVERSION = YES;
				CLANG_WARN_INFINITE_RECURSION = YES;
				CLANG_WARN_INT_CONVERSION = YES;
				CLANG_WARN_NON_LITERAL_NULL_CONVERSION = YES;
				CLANG_WARN_OBJC_IMPLICIT_RETAIN_SELF = YES;
				CLANG_WARN_OBJC_LITERAL_CONVERSION = YES;
				CLANG_WARN_OBJC_ROOT_CLASS = YES_ERROR;
				CLANG_WARN_QUOTED_INCLUDE_IN_FRAMEWORK_HEADER = YES;
				CLANG_WARN_RANGE_LOOP_ANALYSIS = YES;
				CLANG_WARN_STRICT_PROTOTYPES = YES;
				CLANG_WARN_SUSPICIOUS_MOVE = YES;
				CLANG_WARN_UNGUARDED_AVAILABILITY = YES_AGGRESSIVE;
				CLANG_WARN_UNREACHABLE_CODE = YES;
				CLANG_WARN__DUPLICATE_METHOD_MATCH = YES;
				COPY_PHASE_STRIP = NO;
				DEBUG_INFORMATION_FORMAT = dwarf;
				ENABLE_STRICT_OBJC_MSGSEND = YES;
				ENABLE_TESTABILITY = YES;
				GCC_C_LANGUAGE_STANDARD = gnu11;
				GCC_DYNAMIC_NO_PIC = NO;
				GCC_NO_COMMON_BLOCKS = YES;
				GCC_OPTIMIZATION_LEVEL = 0;
				GCC_PREPROCESSOR_DEFINITIONS = (
					"DEBUG=1",
					"$(inherited)",
				);
				GCC_WARN_64_TO_32_BIT_CONVERSION = YES;
				GCC_WARN_ABOUT_RETURN_TYPE = YES_ERROR;
				GCC_WARN_UNDECLARED_SELECTOR = YES;
				GCC_WARN_UNINITIALIZED_AUTOS = YES_AGGRESSIVE;
				GCC_WARN_UNUSED_FUNCTION = YES;
				GCC_WARN_UNUSED_VARIABLE = YES;
				MACOSX_DEPLOYMENT_TARGET = 13.3;
				MTL_ENABLE_DEBUG_INFO = INCLUDE_SOURCE;
				MTL_FAST_MATH = YES;
				ONLY_ACTIVE_ARCH = YES;
				SDKROOT = macosx;
			};
			name = Debug;
		};
		902D54C52B1FC0FC00C71FF7 /* Release */ = {
			isa = XCBuildConfiguration;
			buildSettings = {
				ALWAYS_SEARCH_USER_PATHS = NO;
				CLANG_ANALYZER_NONNULL = YES;
				CLANG_ANALYZER_NUMBER_OBJECT_CONVERSION = YES_AGGRESSIVE;
				CLANG_CXX_LANGUAGE_STANDARD = "gnu++20";
				CLANG_ENABLE_MODULES = YES;
				CLANG_ENABLE_OBJC_ARC = YES;
				CLANG_ENABLE_OBJC_WEAK = YES;
				CLANG_WARN_BLOCK_CAPTURE_AUTORELEASING = YES;
				CLANG_WARN_BOOL_CONVERSION = YES;
				CLANG_WARN_COMMA = YES;
				CLANG_WARN_CONSTANT_CONVERSION = YES;
				CLANG_WARN_DEPRECATED_OBJC_IMPLEMENTATIONS = YES;
				CLANG_WARN_DIRECT_OBJC_ISA_USAGE = YES_ERROR;
				CLANG_WARN_DOCUMENTATION_COMMENTS = YES;
				CLANG_WARN_EMPTY_BODY = YES;
				CLANG_WARN_ENUM_CONVERSION = YES;
				CLANG_WARN_INFINITE_RECURSION = YES;
				CLANG_WARN_INT_CONVERSION = YES;
				CLANG_WARN_NON_LITERAL_NULL_CONVERSION = YES;
				CLANG_WARN_OBJC_IMPLICIT_RETAIN_SELF = YES;
				CLANG_WARN_OBJC_LITERAL_CONVERSION = YES;
				CLANG_WARN_OBJC_ROOT_CLASS = YES_ERROR;
				CLANG_WARN_QUOTED_INCLUDE_IN_FRAMEWORK_HEADER = YES;
				CLANG_WARN_RANGE_LOOP_ANALYSIS = YES;
				CLANG_WARN_STRICT_PROTOTYPES = YES;
				CLANG_WARN_SUSPICIOUS_MOVE = YES;
				CLANG_WARN_UNGUARDED_AVAILABILITY = YES_AGGRESSIVE;
				CLANG_WARN_UNREACHABLE_CODE = YES;
				CLANG_WARN__DUPLICATE_METHOD_MATCH = YES;
				COPY_PHASE_STRIP = NO;
				DEBUG_INFORMATION_FORMAT = "dwarf-with-dsym";
				ENABLE_NS_ASSERTIONS = NO;
				ENABLE_STRICT_OBJC_MSGSEND = YES;
				GCC_C_LANGUAGE_STANDARD = gnu11;
				GCC_NO_COMMON_BLOCKS = YES;
				GCC_WARN_64_TO_32_BIT_CONVERSION = YES;
				GCC_WARN_ABOUT_RETURN_TYPE = YES_ERROR;
				GCC_WARN_UNDECLARED_SELECTOR = YES;
				GCC_WARN_UNINITIALIZED_AUTOS = YES_AGGRESSIVE;
				GCC_WARN_UNUSED_FUNCTION = YES;
				GCC_WARN_UNUSED_VARIABLE = YES;
				MACOSX_DEPLOYMENT_TARGET = 13.3;
				MTL_ENABLE_DEBUG_INFO = NO;
				MTL_FAST_MATH = YES;
				SDKROOT = macosx;
			};
			name = Release;
		};
		902D54C72B1FC0FC00C71FF7 /* Debug */ = {
			isa = XCBuildConfiguration;
			buildSettings = {
				CODE_SIGN_STYLE = Automatic;
				EXCLUDED_ARCHS = "";
				"EXCLUDED_ARCHS[sdk=*]" = arg64;
				FRAMEWORK_SEARCH_PATHS = (
					"$(inherited)",
					"$(LOCAL_LIBRARY_DIR)/Frameworks",
				);
				HEADER_SEARCH_PATHS = (
					/Library/Frameworks/SDL2.framework/Versions/A/Headers,
					/Library/Frameworks/SDL2_image.framework/Versions/A/Headers,
					/Library/Frameworks/SDL2_mixer.framework/Versions/A/Headers,
				);
				MACOSX_DEPLOYMENT_TARGET = 11.3;
				PRODUCT_NAME = "$(TARGET_NAME)";
			};
			name = Debug;
		};
		902D54C82B1FC0FC00C71FF7 /* Release */ = {
			isa = XCBuildConfiguration;
			buildSettings = {
				CODE_SIGN_STYLE = Automatic;
				EXCLUDED_ARCHS = "";
				FRAMEWORK_SEARCH_PATHS = (
					"$(inherited)",
					"$(LOCAL_LIBRARY_DIR)/Frameworks",
				);
				HEADER_SEARCH_PATHS = (
					/Library/Frameworks/SDL2.framework/Versions/A/Headers,
					/Library/Frameworks/SDL2_image.framework/Versions/A/Headers,
					/Library/Frameworks/SDL2_mixer.framework/Versions/A/Headers,
				);
				MACOSX_DEPLOYMENT_TARGET = 11.3;
				PRODUCT_NAME = "$(TARGET_NAME)";
			};
			name = Release;
		};
/* End XCBuildConfiguration section */

/* Begin XCConfigurationList section */
		902D54BA2B1FC0FC00C71FF7 /* Build configuration list for PBXProject "CS 3113 Project 5" */ = {
			isa = XCConfigurationList;
			buildConfigurations = (
				902D54C42B1FC0FC00C71FF7 /* Debug */,
				902D54C52B1FC0FC00C71FF7 /* Release */,
			);
			defaultConfigurationIsVisible = 0;
			defaultConfigurationName = Release;
		};
		902D54C62B1FC0FC00C71FF7 /* Build configuration list for PBXNativeTarget "CS 3113 Project 5" */ = {
			isa = XCConfigurationList;
			buildConfigurations = (
				902D54C72B1FC0FC00C71FF7 /* Debug */,
				902D54C82B1FC0FC00C71FF7 /* Release */,
			);
			defaultConfigurationIsVisible = 0;
			defaultConfigurationName = Release;
		};
/* End XCConfigurationList section */
	};
	rootObject = 902D54B72B1FC0FC00C71FF7 /* Project object */;
}
